// !$*UTF8*$!
{
	archiveVersion = 1;
	classes = {
	};
	objectVersion = 56;
	objects = {

/* Begin PBXBuildFile section */
		0EEEC748BBAE3124BF78F1A4 /* Pods_TiktokClone.framework in Frameworks */ = {isa = PBXBuildFile; fileRef = B9F567FD11CEB77B7EF79D16 /* Pods_TiktokClone.framework */; };
		31EF154415DBB8E6ECEBE231 /* Pods_TiktokCloneTests.framework in Frameworks */ = {isa = PBXBuildFile; fileRef = 64EEC63D18161971743D17AE /* Pods_TiktokCloneTests.framework */; };
		87203D7355A8F8C133BD4067 /* Pods_TiktokClone_TiktokCloneUITests.framework in Frameworks */ = {isa = PBXBuildFile; fileRef = 511FC3804783852D639E00D6 /* Pods_TiktokClone_TiktokCloneUITests.framework */; };
		C000880F2A0C9C6500C293C8 /* AppDelegate.swift in Sources */ = {isa = PBXBuildFile; fileRef = C000880E2A0C9C6500C293C8 /* AppDelegate.swift */; };
		C00088112A0C9C6500C293C8 /* SceneDelegate.swift in Sources */ = {isa = PBXBuildFile; fileRef = C00088102A0C9C6500C293C8 /* SceneDelegate.swift */; };
		C00088132A0C9C6500C293C8 /* HomeViewController.swift in Sources */ = {isa = PBXBuildFile; fileRef = C00088122A0C9C6500C293C8 /* HomeViewController.swift */; };
		C00088192A0C9C6500C293C8 /* TiktokClone.xcdatamodeld in Sources */ = {isa = PBXBuildFile; fileRef = C00088172A0C9C6500C293C8 /* TiktokClone.xcdatamodeld */; };
		C000881B2A0C9C6800C293C8 /* Assets.xcassets in Resources */ = {isa = PBXBuildFile; fileRef = C000881A2A0C9C6800C293C8 /* Assets.xcassets */; };
		C000881E2A0C9C6800C293C8 /* LaunchScreen.storyboard in Resources */ = {isa = PBXBuildFile; fileRef = C000881C2A0C9C6800C293C8 /* LaunchScreen.storyboard */; };
		C00088292A0C9C6800C293C8 /* TiktokCloneTests.swift in Sources */ = {isa = PBXBuildFile; fileRef = C00088282A0C9C6800C293C8 /* TiktokCloneTests.swift */; };
		C00088332A0C9C6800C293C8 /* TiktokCloneUITests.swift in Sources */ = {isa = PBXBuildFile; fileRef = C00088322A0C9C6800C293C8 /* TiktokCloneUITests.swift */; };
		C00088352A0C9C6800C293C8 /* TiktokCloneUITestsLaunchTests.swift in Sources */ = {isa = PBXBuildFile; fileRef = C00088342A0C9C6800C293C8 /* TiktokCloneUITestsLaunchTests.swift */; };
		C057761D2A0CAB1000A9DC42 /* ExploreViewController.swift in Sources */ = {isa = PBXBuildFile; fileRef = C057761C2A0CAB1000A9DC42 /* ExploreViewController.swift */; };
		C057761F2A0CAB4600A9DC42 /* CameraViewController.swift in Sources */ = {isa = PBXBuildFile; fileRef = C057761E2A0CAB4600A9DC42 /* CameraViewController.swift */; };
		C05776212A0CAB5F00A9DC42 /* NotificationsViewController.swift in Sources */ = {isa = PBXBuildFile; fileRef = C05776202A0CAB5F00A9DC42 /* NotificationsViewController.swift */; };
		C05776232A0CAB7800A9DC42 /* ProfileViewController.swift in Sources */ = {isa = PBXBuildFile; fileRef = C05776222A0CAB7800A9DC42 /* ProfileViewController.swift */; };
		C05776252A0CAB9400A9DC42 /* UserListViewController.swift in Sources */ = {isa = PBXBuildFile; fileRef = C05776242A0CAB9400A9DC42 /* UserListViewController.swift */; };
		C05776272A0CABAE00A9DC42 /* SignInViewController.swift in Sources */ = {isa = PBXBuildFile; fileRef = C05776262A0CABAE00A9DC42 /* SignInViewController.swift */; };
		C05776292A0CABB800A9DC42 /* SignUpViewController.swift in Sources */ = {isa = PBXBuildFile; fileRef = C05776282A0CABB800A9DC42 /* SignUpViewController.swift */; };
		C057762B2A0CABD400A9DC42 /* SettingsViewController.swift in Sources */ = {isa = PBXBuildFile; fileRef = C057762A2A0CABD400A9DC42 /* SettingsViewController.swift */; };
		C057762D2A0CAC1F00A9DC42 /* TabBarViewController.swift in Sources */ = {isa = PBXBuildFile; fileRef = C057762C2A0CAC1F00A9DC42 /* TabBarViewController.swift */; };
		C05776312A0CACA800A9DC42 /* PostViewController.swift in Sources */ = {isa = PBXBuildFile; fileRef = C05776302A0CACA800A9DC42 /* PostViewController.swift */; };
		C05776332A0CACC900A9DC42 /* APICaller.swift in Sources */ = {isa = PBXBuildFile; fileRef = C05776322A0CACC900A9DC42 /* APICaller.swift */; };
		C05776352A0CACE300A9DC42 /* StorageManager.swift in Sources */ = {isa = PBXBuildFile; fileRef = C05776342A0CACE300A9DC42 /* StorageManager.swift */; };
		C05776372A0CACFF00A9DC42 /* DatabaseManager.swift in Sources */ = {isa = PBXBuildFile; fileRef = C05776362A0CACFF00A9DC42 /* DatabaseManager.swift */; };
		C05776392A0CAD1500A9DC42 /* AuthenticationManager.swift in Sources */ = {isa = PBXBuildFile; fileRef = C05776382A0CAD1500A9DC42 /* AuthenticationManager.swift */; };
		C057763B2A0CAD2F00A9DC42 /* HapticsManager.swift in Sources */ = {isa = PBXBuildFile; fileRef = C057763A2A0CAD2F00A9DC42 /* HapticsManager.swift */; };
/* End PBXBuildFile section */

/* Begin PBXContainerItemProxy section */
		C00088252A0C9C6800C293C8 /* PBXContainerItemProxy */ = {
			isa = PBXContainerItemProxy;
			containerPortal = C00088032A0C9C6500C293C8 /* Project object */;
			proxyType = 1;
			remoteGlobalIDString = C000880A2A0C9C6500C293C8;
			remoteInfo = TiktokClone;
		};
		C000882F2A0C9C6800C293C8 /* PBXContainerItemProxy */ = {
			isa = PBXContainerItemProxy;
			containerPortal = C00088032A0C9C6500C293C8 /* Project object */;
			proxyType = 1;
			remoteGlobalIDString = C000880A2A0C9C6500C293C8;
			remoteInfo = TiktokClone;
		};
/* End PBXContainerItemProxy section */

/* Begin PBXFileReference section */
		0C6CBCDBAB77891C52177B21 /* Pods-TiktokClone.debug.xcconfig */ = {isa = PBXFileReference; includeInIndex = 1; lastKnownFileType = text.xcconfig; name = "Pods-TiktokClone.debug.xcconfig"; path = "Target Support Files/Pods-TiktokClone/Pods-TiktokClone.debug.xcconfig"; sourceTree = "<group>"; };
		0CD82FC800F1BEFEA540AD75 /* Pods-TiktokCloneTests.release.xcconfig */ = {isa = PBXFileReference; includeInIndex = 1; lastKnownFileType = text.xcconfig; name = "Pods-TiktokCloneTests.release.xcconfig"; path = "Target Support Files/Pods-TiktokCloneTests/Pods-TiktokCloneTests.release.xcconfig"; sourceTree = "<group>"; };
		3CE883499B0B492242A0886B /* Pods-TiktokClone-TiktokCloneUITests.release.xcconfig */ = {isa = PBXFileReference; includeInIndex = 1; lastKnownFileType = text.xcconfig; name = "Pods-TiktokClone-TiktokCloneUITests.release.xcconfig"; path = "Target Support Files/Pods-TiktokClone-TiktokCloneUITests/Pods-TiktokClone-TiktokCloneUITests.release.xcconfig"; sourceTree = "<group>"; };
		511FC3804783852D639E00D6 /* Pods_TiktokClone_TiktokCloneUITests.framework */ = {isa = PBXFileReference; explicitFileType = wrapper.framework; includeInIndex = 0; path = Pods_TiktokClone_TiktokCloneUITests.framework; sourceTree = BUILT_PRODUCTS_DIR; };
		64EEC63D18161971743D17AE /* Pods_TiktokCloneTests.framework */ = {isa = PBXFileReference; explicitFileType = wrapper.framework; includeInIndex = 0; path = Pods_TiktokCloneTests.framework; sourceTree = BUILT_PRODUCTS_DIR; };
		8422172B2B2D564D37DBAEFE /* Pods-TiktokCloneTests.debug.xcconfig */ = {isa = PBXFileReference; includeInIndex = 1; lastKnownFileType = text.xcconfig; name = "Pods-TiktokCloneTests.debug.xcconfig"; path = "Target Support Files/Pods-TiktokCloneTests/Pods-TiktokCloneTests.debug.xcconfig"; sourceTree = "<group>"; };
		AFEFC31BE7570B8835E75010 /* Pods-TiktokClone.release.xcconfig */ = {isa = PBXFileReference; includeInIndex = 1; lastKnownFileType = text.xcconfig; name = "Pods-TiktokClone.release.xcconfig"; path = "Target Support Files/Pods-TiktokClone/Pods-TiktokClone.release.xcconfig"; sourceTree = "<group>"; };
		B9F567FD11CEB77B7EF79D16 /* Pods_TiktokClone.framework */ = {isa = PBXFileReference; explicitFileType = wrapper.framework; includeInIndex = 0; path = Pods_TiktokClone.framework; sourceTree = BUILT_PRODUCTS_DIR; };
		C000880B2A0C9C6500C293C8 /* TiktokClone.app */ = {isa = PBXFileReference; explicitFileType = wrapper.application; includeInIndex = 0; path = TiktokClone.app; sourceTree = BUILT_PRODUCTS_DIR; };
		C000880E2A0C9C6500C293C8 /* AppDelegate.swift */ = {isa = PBXFileReference; lastKnownFileType = sourcecode.swift; path = AppDelegate.swift; sourceTree = "<group>"; };
		C00088102A0C9C6500C293C8 /* SceneDelegate.swift */ = {isa = PBXFileReference; lastKnownFileType = sourcecode.swift; path = SceneDelegate.swift; sourceTree = "<group>"; };
		C00088122A0C9C6500C293C8 /* HomeViewController.swift */ = {isa = PBXFileReference; lastKnownFileType = sourcecode.swift; path = HomeViewController.swift; sourceTree = "<group>"; };
		C00088182A0C9C6500C293C8 /* TiktokClone.xcdatamodel */ = {isa = PBXFileReference; lastKnownFileType = wrapper.xcdatamodel; path = TiktokClone.xcdatamodel; sourceTree = "<group>"; };
		C000881A2A0C9C6800C293C8 /* Assets.xcassets */ = {isa = PBXFileReference; lastKnownFileType = folder.assetcatalog; path = Assets.xcassets; sourceTree = "<group>"; };
		C000881D2A0C9C6800C293C8 /* Base */ = {isa = PBXFileReference; lastKnownFileType = file.storyboard; name = Base; path = Base.lproj/LaunchScreen.storyboard; sourceTree = "<group>"; };
		C000881F2A0C9C6800C293C8 /* Info.plist */ = {isa = PBXFileReference; lastKnownFileType = text.plist.xml; path = Info.plist; sourceTree = "<group>"; };
		C00088242A0C9C6800C293C8 /* TiktokCloneTests.xctest */ = {isa = PBXFileReference; explicitFileType = wrapper.cfbundle; includeInIndex = 0; path = TiktokCloneTests.xctest; sourceTree = BUILT_PRODUCTS_DIR; };
		C00088282A0C9C6800C293C8 /* TiktokCloneTests.swift */ = {isa = PBXFileReference; lastKnownFileType = sourcecode.swift; path = TiktokCloneTests.swift; sourceTree = "<group>"; };
		C000882E2A0C9C6800C293C8 /* TiktokCloneUITests.xctest */ = {isa = PBXFileReference; explicitFileType = wrapper.cfbundle; includeInIndex = 0; path = TiktokCloneUITests.xctest; sourceTree = BUILT_PRODUCTS_DIR; };
		C00088322A0C9C6800C293C8 /* TiktokCloneUITests.swift */ = {isa = PBXFileReference; lastKnownFileType = sourcecode.swift; path = TiktokCloneUITests.swift; sourceTree = "<group>"; };
		C00088342A0C9C6800C293C8 /* TiktokCloneUITestsLaunchTests.swift */ = {isa = PBXFileReference; lastKnownFileType = sourcecode.swift; path = TiktokCloneUITestsLaunchTests.swift; sourceTree = "<group>"; };
		C057761C2A0CAB1000A9DC42 /* ExploreViewController.swift */ = {isa = PBXFileReference; lastKnownFileType = sourcecode.swift; path = ExploreViewController.swift; sourceTree = "<group>"; };
		C057761E2A0CAB4600A9DC42 /* CameraViewController.swift */ = {isa = PBXFileReference; lastKnownFileType = sourcecode.swift; path = CameraViewController.swift; sourceTree = "<group>"; };
		C05776202A0CAB5F00A9DC42 /* NotificationsViewController.swift */ = {isa = PBXFileReference; lastKnownFileType = sourcecode.swift; path = NotificationsViewController.swift; sourceTree = "<group>"; };
		C05776222A0CAB7800A9DC42 /* ProfileViewController.swift */ = {isa = PBXFileReference; lastKnownFileType = sourcecode.swift; path = ProfileViewController.swift; sourceTree = "<group>"; };
		C05776242A0CAB9400A9DC42 /* UserListViewController.swift */ = {isa = PBXFileReference; lastKnownFileType = sourcecode.swift; path = UserListViewController.swift; sourceTree = "<group>"; };
		C05776262A0CABAE00A9DC42 /* SignInViewController.swift */ = {isa = PBXFileReference; lastKnownFileType = sourcecode.swift; path = SignInViewController.swift; sourceTree = "<group>"; };
		C05776282A0CABB800A9DC42 /* SignUpViewController.swift */ = {isa = PBXFileReference; lastKnownFileType = sourcecode.swift; path = SignUpViewController.swift; sourceTree = "<group>"; };
		C057762A2A0CABD400A9DC42 /* SettingsViewController.swift */ = {isa = PBXFileReference; lastKnownFileType = sourcecode.swift; path = SettingsViewController.swift; sourceTree = "<group>"; };
		C057762C2A0CAC1F00A9DC42 /* TabBarViewController.swift */ = {isa = PBXFileReference; lastKnownFileType = sourcecode.swift; path = TabBarViewController.swift; sourceTree = "<group>"; };
		C05776302A0CACA800A9DC42 /* PostViewController.swift */ = {isa = PBXFileReference; lastKnownFileType = sourcecode.swift; path = PostViewController.swift; sourceTree = "<group>"; };
		C05776322A0CACC900A9DC42 /* APICaller.swift */ = {isa = PBXFileReference; lastKnownFileType = sourcecode.swift; path = APICaller.swift; sourceTree = "<group>"; };
		C05776342A0CACE300A9DC42 /* StorageManager.swift */ = {isa = PBXFileReference; lastKnownFileType = sourcecode.swift; path = StorageManager.swift; sourceTree = "<group>"; };
		C05776362A0CACFF00A9DC42 /* DatabaseManager.swift */ = {isa = PBXFileReference; lastKnownFileType = sourcecode.swift; path = DatabaseManager.swift; sourceTree = "<group>"; };
		C05776382A0CAD1500A9DC42 /* AuthenticationManager.swift */ = {isa = PBXFileReference; lastKnownFileType = sourcecode.swift; path = AuthenticationManager.swift; sourceTree = "<group>"; };
		C057763A2A0CAD2F00A9DC42 /* HapticsManager.swift */ = {isa = PBXFileReference; lastKnownFileType = sourcecode.swift; path = HapticsManager.swift; sourceTree = "<group>"; };
		EC83DFA14AE1DF1D0E9F40C0 /* Pods-TiktokClone-TiktokCloneUITests.debug.xcconfig */ = {isa = PBXFileReference; includeInIndex = 1; lastKnownFileType = text.xcconfig; name = "Pods-TiktokClone-TiktokCloneUITests.debug.xcconfig"; path = "Target Support Files/Pods-TiktokClone-TiktokCloneUITests/Pods-TiktokClone-TiktokCloneUITests.debug.xcconfig"; sourceTree = "<group>"; };
/* End PBXFileReference section */

/* Begin PBXFrameworksBuildPhase section */
		C00088082A0C9C6500C293C8 /* Frameworks */ = {
			isa = PBXFrameworksBuildPhase;
			buildActionMask = 2147483647;
			files = (
				0EEEC748BBAE3124BF78F1A4 /* Pods_TiktokClone.framework in Frameworks */,
			);
			runOnlyForDeploymentPostprocessing = 0;
		};
		C00088212A0C9C6800C293C8 /* Frameworks */ = {
			isa = PBXFrameworksBuildPhase;
			buildActionMask = 2147483647;
			files = (
				31EF154415DBB8E6ECEBE231 /* Pods_TiktokCloneTests.framework in Frameworks */,
			);
			runOnlyForDeploymentPostprocessing = 0;
		};
		C000882B2A0C9C6800C293C8 /* Frameworks */ = {
			isa = PBXFrameworksBuildPhase;
			buildActionMask = 2147483647;
			files = (
				87203D7355A8F8C133BD4067 /* Pods_TiktokClone_TiktokCloneUITests.framework in Frameworks */,
			);
			runOnlyForDeploymentPostprocessing = 0;
		};
/* End PBXFrameworksBuildPhase section */

/* Begin PBXGroup section */
		2E4AF3F2C5CC9728903126DE /* Pods */ = {
			isa = PBXGroup;
			children = (
				0C6CBCDBAB77891C52177B21 /* Pods-TiktokClone.debug.xcconfig */,
				AFEFC31BE7570B8835E75010 /* Pods-TiktokClone.release.xcconfig */,
				EC83DFA14AE1DF1D0E9F40C0 /* Pods-TiktokClone-TiktokCloneUITests.debug.xcconfig */,
				3CE883499B0B492242A0886B /* Pods-TiktokClone-TiktokCloneUITests.release.xcconfig */,
				8422172B2B2D564D37DBAEFE /* Pods-TiktokCloneTests.debug.xcconfig */,
				0CD82FC800F1BEFEA540AD75 /* Pods-TiktokCloneTests.release.xcconfig */,
			);
			path = Pods;
			sourceTree = "<group>";
		};
		C00088022A0C9C6500C293C8 = {
			isa = PBXGroup;
			children = (
				C000880D2A0C9C6500C293C8 /* TiktokClone */,
				C00088272A0C9C6800C293C8 /* TiktokCloneTests */,
				C00088312A0C9C6800C293C8 /* TiktokCloneUITests */,
				C000880C2A0C9C6500C293C8 /* Products */,
				2E4AF3F2C5CC9728903126DE /* Pods */,
				DDEA138E5661E9D8B621403D /* Frameworks */,
			);
			sourceTree = "<group>";
		};
		C000880C2A0C9C6500C293C8 /* Products */ = {
			isa = PBXGroup;
			children = (
				C000880B2A0C9C6500C293C8 /* TiktokClone.app */,
				C00088242A0C9C6800C293C8 /* TiktokCloneTests.xctest */,
				C000882E2A0C9C6800C293C8 /* TiktokCloneUITests.xctest */,
			);
			name = Products;
			sourceTree = "<group>";
		};
		C000880D2A0C9C6500C293C8 /* TiktokClone */ = {
			isa = PBXGroup;
			children = (
				C05776192A0CA9F100A9DC42 /* Managers */,
				C05776182A0CA9E500A9DC42 /* ViewModels */,
				C05776172A0CA9DC00A9DC42 /* Models */,
				C05776162A0CA9B900A9DC42 /* Views */,
				C05776152A0CA9A500A9DC42 /* Controllers */,
				C05776142A0CA97E00A9DC42 /* Resources */,
				C000881F2A0C9C6800C293C8 /* Info.plist */,
				C00088172A0C9C6500C293C8 /* TiktokClone.xcdatamodeld */,
			);
			path = TiktokClone;
			sourceTree = "<group>";
		};
		C00088272A0C9C6800C293C8 /* TiktokCloneTests */ = {
			isa = PBXGroup;
			children = (
				C00088282A0C9C6800C293C8 /* TiktokCloneTests.swift */,
			);
			path = TiktokCloneTests;
			sourceTree = "<group>";
		};
		C00088312A0C9C6800C293C8 /* TiktokCloneUITests */ = {
			isa = PBXGroup;
			children = (
				C00088322A0C9C6800C293C8 /* TiktokCloneUITests.swift */,
				C00088342A0C9C6800C293C8 /* TiktokCloneUITestsLaunchTests.swift */,
			);
			path = TiktokCloneUITests;
			sourceTree = "<group>";
		};
		C05776142A0CA97E00A9DC42 /* Resources */ = {
			isa = PBXGroup;
			children = (
				C000881A2A0C9C6800C293C8 /* Assets.xcassets */,
				C000880E2A0C9C6500C293C8 /* AppDelegate.swift */,
				C00088102A0C9C6500C293C8 /* SceneDelegate.swift */,
			);
			path = Resources;
			sourceTree = "<group>";
		};
		C05776152A0CA9A500A9DC42 /* Controllers */ = {
			isa = PBXGroup;
			children = (
				C057761B2A0CAAD800A9DC42 /* Other */,
				C057761A2A0CAAC800A9DC42 /* Core */,
			);
			path = Controllers;
			sourceTree = "<group>";
		};
		C05776162A0CA9B900A9DC42 /* Views */ = {
			isa = PBXGroup;
			children = (
				C057762E2A0CAC7600A9DC42 /* Storyboards */,
			);
			path = Views;
			sourceTree = "<group>";
		};
		C05776172A0CA9DC00A9DC42 /* Models */ = {
			isa = PBXGroup;
			children = (
			);
			path = Models;
			sourceTree = "<group>";
		};
		C05776182A0CA9E500A9DC42 /* ViewModels */ = {
			isa = PBXGroup;
			children = (
			);
			path = ViewModels;
			sourceTree = "<group>";
		};
		C05776192A0CA9F100A9DC42 /* Managers */ = {
			isa = PBXGroup;
			children = (
				C05776322A0CACC900A9DC42 /* APICaller.swift */,
				C05776342A0CACE300A9DC42 /* StorageManager.swift */,
				C05776362A0CACFF00A9DC42 /* DatabaseManager.swift */,
				C05776382A0CAD1500A9DC42 /* AuthenticationManager.swift */,
				C057763A2A0CAD2F00A9DC42 /* HapticsManager.swift */,
			);
			path = Managers;
			sourceTree = "<group>";
		};
		C057761A2A0CAAC800A9DC42 /* Core */ = {
			isa = PBXGroup;
			children = (
				C00088122A0C9C6500C293C8 /* HomeViewController.swift */,
				C057761C2A0CAB1000A9DC42 /* ExploreViewController.swift */,
				C057761E2A0CAB4600A9DC42 /* CameraViewController.swift */,
				C05776202A0CAB5F00A9DC42 /* NotificationsViewController.swift */,
				C05776222A0CAB7800A9DC42 /* ProfileViewController.swift */,
				C057762C2A0CAC1F00A9DC42 /* TabBarViewController.swift */,
			);
			path = Core;
			sourceTree = "<group>";
		};
		C057761B2A0CAAD800A9DC42 /* Other */ = {
			isa = PBXGroup;
			children = (
				C05776242A0CAB9400A9DC42 /* UserListViewController.swift */,
				C05776262A0CABAE00A9DC42 /* SignInViewController.swift */,
				C05776282A0CABB800A9DC42 /* SignUpViewController.swift */,
				C057762A2A0CABD400A9DC42 /* SettingsViewController.swift */,
				C05776302A0CACA800A9DC42 /* PostViewController.swift */,
			);
			path = Other;
			sourceTree = "<group>";
		};
		C057762E2A0CAC7600A9DC42 /* Storyboards */ = {
			isa = PBXGroup;
			children = (
				C057762F2A0CAC8B00A9DC42 /* Other */,
				C000881C2A0C9C6800C293C8 /* LaunchScreen.storyboard */,
			);
			path = Storyboards;
			sourceTree = "<group>";
		};
		C057762F2A0CAC8B00A9DC42 /* Other */ = {
			isa = PBXGroup;
			children = (
			);
			path = Other;
			sourceTree = "<group>";
		};
		DDEA138E5661E9D8B621403D /* Frameworks */ = {
			isa = PBXGroup;
			children = (
				B9F567FD11CEB77B7EF79D16 /* Pods_TiktokClone.framework */,
				511FC3804783852D639E00D6 /* Pods_TiktokClone_TiktokCloneUITests.framework */,
				64EEC63D18161971743D17AE /* Pods_TiktokCloneTests.framework */,
			);
			name = Frameworks;
			sourceTree = "<group>";
		};
/* End PBXGroup section */

/* Begin PBXNativeTarget section */
		C000880A2A0C9C6500C293C8 /* TiktokClone */ = {
			isa = PBXNativeTarget;
			buildConfigurationList = C00088382A0C9C6800C293C8 /* Build configuration list for PBXNativeTarget "TiktokClone" */;
			buildPhases = (
				826CC5FB9F6D283FF4F27A47 /* [CP] Check Pods Manifest.lock */,
				C00088072A0C9C6500C293C8 /* Sources */,
				C00088082A0C9C6500C293C8 /* Frameworks */,
				C00088092A0C9C6500C293C8 /* Resources */,
			);
			buildRules = (
			);
			dependencies = (
			);
			name = TiktokClone;
			productName = TiktokClone;
			productReference = C000880B2A0C9C6500C293C8 /* TiktokClone.app */;
			productType = "com.apple.product-type.application";
		};
		C00088232A0C9C6800C293C8 /* TiktokCloneTests */ = {
			isa = PBXNativeTarget;
			buildConfigurationList = C000883B2A0C9C6800C293C8 /* Build configuration list for PBXNativeTarget "TiktokCloneTests" */;
			buildPhases = (
				BA419FE756DFB46258E0C455 /* [CP] Check Pods Manifest.lock */,
				C00088202A0C9C6800C293C8 /* Sources */,
				C00088212A0C9C6800C293C8 /* Frameworks */,
				C00088222A0C9C6800C293C8 /* Resources */,
			);
			buildRules = (
			);
			dependencies = (
				C00088262A0C9C6800C293C8 /* PBXTargetDependency */,
			);
			name = TiktokCloneTests;
			productName = TiktokCloneTests;
			productReference = C00088242A0C9C6800C293C8 /* TiktokCloneTests.xctest */;
			productType = "com.apple.product-type.bundle.unit-test";
		};
		C000882D2A0C9C6800C293C8 /* TiktokCloneUITests */ = {
			isa = PBXNativeTarget;
			buildConfigurationList = C000883E2A0C9C6800C293C8 /* Build configuration list for PBXNativeTarget "TiktokCloneUITests" */;
			buildPhases = (
				2BF045C3C7AC62D29D0C97DE /* [CP] Check Pods Manifest.lock */,
				C000882A2A0C9C6800C293C8 /* Sources */,
				C000882B2A0C9C6800C293C8 /* Frameworks */,
				C000882C2A0C9C6800C293C8 /* Resources */,
			);
			buildRules = (
			);
			dependencies = (
				C00088302A0C9C6800C293C8 /* PBXTargetDependency */,
			);
			name = TiktokCloneUITests;
			productName = TiktokCloneUITests;
			productReference = C000882E2A0C9C6800C293C8 /* TiktokCloneUITests.xctest */;
			productType = "com.apple.product-type.bundle.ui-testing";
		};
/* End PBXNativeTarget section */

/* Begin PBXProject section */
		C00088032A0C9C6500C293C8 /* Project object */ = {
			isa = PBXProject;
			attributes = {
				BuildIndependentTargetsInParallel = 1;
				LastSwiftUpdateCheck = 1430;
				LastUpgradeCheck = 1430;
				TargetAttributes = {
					C000880A2A0C9C6500C293C8 = {
						CreatedOnToolsVersion = 14.3;
					};
					C00088232A0C9C6800C293C8 = {
						CreatedOnToolsVersion = 14.3;
						TestTargetID = C000880A2A0C9C6500C293C8;
					};
					C000882D2A0C9C6800C293C8 = {
						CreatedOnToolsVersion = 14.3;
						TestTargetID = C000880A2A0C9C6500C293C8;
					};
				};
			};
			buildConfigurationList = C00088062A0C9C6500C293C8 /* Build configuration list for PBXProject "TiktokClone" */;
			compatibilityVersion = "Xcode 14.0";
			developmentRegion = en;
			hasScannedForEncodings = 0;
			knownRegions = (
				en,
				Base,
			);
			mainGroup = C00088022A0C9C6500C293C8;
			productRefGroup = C000880C2A0C9C6500C293C8 /* Products */;
			projectDirPath = "";
			projectRoot = "";
			targets = (
				C000880A2A0C9C6500C293C8 /* TiktokClone */,
				C00088232A0C9C6800C293C8 /* TiktokCloneTests */,
				C000882D2A0C9C6800C293C8 /* TiktokCloneUITests */,
			);
		};
/* End PBXProject section */

/* Begin PBXResourcesBuildPhase section */
		C00088092A0C9C6500C293C8 /* Resources */ = {
			isa = PBXResourcesBuildPhase;
			buildActionMask = 2147483647;
			files = (
				C000881E2A0C9C6800C293C8 /* LaunchScreen.storyboard in Resources */,
				C000881B2A0C9C6800C293C8 /* Assets.xcassets in Resources */,
			);
			runOnlyForDeploymentPostprocessing = 0;
		};
		C00088222A0C9C6800C293C8 /* Resources */ = {
			isa = PBXResourcesBuildPhase;
			buildActionMask = 2147483647;
			files = (
			);
			runOnlyForDeploymentPostprocessing = 0;
		};
		C000882C2A0C9C6800C293C8 /* Resources */ = {
			isa = PBXResourcesBuildPhase;
			buildActionMask = 2147483647;
			files = (
			);
			runOnlyForDeploymentPostprocessing = 0;
		};
/* End PBXResourcesBuildPhase section */

/* Begin PBXShellScriptBuildPhase section */
		2BF045C3C7AC62D29D0C97DE /* [CP] Check Pods Manifest.lock */ = {
			isa = PBXShellScriptBuildPhase;
			buildActionMask = 2147483647;
			files = (
			);
			inputFileListPaths = (
			);
			inputPaths = (
				"${PODS_PODFILE_DIR_PATH}/Podfile.lock",
				"${PODS_ROOT}/Manifest.lock",
			);
			name = "[CP] Check Pods Manifest.lock";
			outputFileListPaths = (
			);
			outputPaths = (
				"$(DERIVED_FILE_DIR)/Pods-TiktokClone-TiktokCloneUITests-checkManifestLockResult.txt",
			);
			runOnlyForDeploymentPostprocessing = 0;
			shellPath = /bin/sh;
			shellScript = "diff \"${PODS_PODFILE_DIR_PATH}/Podfile.lock\" \"${PODS_ROOT}/Manifest.lock\" > /dev/null\nif [ $? != 0 ] ; then\n    # print error to STDERR\n    echo \"error: The sandbox is not in sync with the Podfile.lock. Run 'pod install' or update your CocoaPods installation.\" >&2\n    exit 1\nfi\n# This output is used by Xcode 'outputs' to avoid re-running this script phase.\necho \"SUCCESS\" > \"${SCRIPT_OUTPUT_FILE_0}\"\n";
			showEnvVarsInLog = 0;
		};
		826CC5FB9F6D283FF4F27A47 /* [CP] Check Pods Manifest.lock */ = {
			isa = PBXShellScriptBuildPhase;
			buildActionMask = 2147483647;
			files = (
			);
			inputFileListPaths = (
			);
			inputPaths = (
				"${PODS_PODFILE_DIR_PATH}/Podfile.lock",
				"${PODS_ROOT}/Manifest.lock",
			);
			name = "[CP] Check Pods Manifest.lock";
			outputFileListPaths = (
			);
			outputPaths = (
				"$(DERIVED_FILE_DIR)/Pods-TiktokClone-checkManifestLockResult.txt",
			);
			runOnlyForDeploymentPostprocessing = 0;
			shellPath = /bin/sh;
			shellScript = "diff \"${PODS_PODFILE_DIR_PATH}/Podfile.lock\" \"${PODS_ROOT}/Manifest.lock\" > /dev/null\nif [ $? != 0 ] ; then\n    # print error to STDERR\n    echo \"error: The sandbox is not in sync with the Podfile.lock. Run 'pod install' or update your CocoaPods installation.\" >&2\n    exit 1\nfi\n# This output is used by Xcode 'outputs' to avoid re-running this script phase.\necho \"SUCCESS\" > \"${SCRIPT_OUTPUT_FILE_0}\"\n";
			showEnvVarsInLog = 0;
		};
		BA419FE756DFB46258E0C455 /* [CP] Check Pods Manifest.lock */ = {
			isa = PBXShellScriptBuildPhase;
			buildActionMask = 2147483647;
			files = (
			);
			inputFileListPaths = (
			);
			inputPaths = (
				"${PODS_PODFILE_DIR_PATH}/Podfile.lock",
				"${PODS_ROOT}/Manifest.lock",
			);
			name = "[CP] Check Pods Manifest.lock";
			outputFileListPaths = (
			);
			outputPaths = (
				"$(DERIVED_FILE_DIR)/Pods-TiktokCloneTests-checkManifestLockResult.txt",
			);
			runOnlyForDeploymentPostprocessing = 0;
			shellPath = /bin/sh;
			shellScript = "diff \"${PODS_PODFILE_DIR_PATH}/Podfile.lock\" \"${PODS_ROOT}/Manifest.lock\" > /dev/null\nif [ $? != 0 ] ; then\n    # print error to STDERR\n    echo \"error: The sandbox is not in sync with the Podfile.lock. Run 'pod install' or update your CocoaPods installation.\" >&2\n    exit 1\nfi\n# This output is used by Xcode 'outputs' to avoid re-running this script phase.\necho \"SUCCESS\" > \"${SCRIPT_OUTPUT_FILE_0}\"\n";
			showEnvVarsInLog = 0;
		};
/* End PBXShellScriptBuildPhase section */

/* Begin PBXSourcesBuildPhase section */
		C00088072A0C9C6500C293C8 /* Sources */ = {
			isa = PBXSourcesBuildPhase;
			buildActionMask = 2147483647;
			files = (
				C05776292A0CABB800A9DC42 /* SignUpViewController.swift in Sources */,
				C00088132A0C9C6500C293C8 /* HomeViewController.swift in Sources */,
				C05776312A0CACA800A9DC42 /* PostViewController.swift in Sources */,
				C05776392A0CAD1500A9DC42 /* AuthenticationManager.swift in Sources */,
				C000880F2A0C9C6500C293C8 /* AppDelegate.swift in Sources */,
				C05776372A0CACFF00A9DC42 /* DatabaseManager.swift in Sources */,
				C057761D2A0CAB1000A9DC42 /* ExploreViewController.swift in Sources */,
				C00088112A0C9C6500C293C8 /* SceneDelegate.swift in Sources */,
				C00088192A0C9C6500C293C8 /* TiktokClone.xcdatamodeld in Sources */,
				C05776252A0CAB9400A9DC42 /* UserListViewController.swift in Sources */,
				C05776212A0CAB5F00A9DC42 /* NotificationsViewController.swift in Sources */,
				C05776232A0CAB7800A9DC42 /* ProfileViewController.swift in Sources */,
				C05776272A0CABAE00A9DC42 /* SignInViewController.swift in Sources */,
				C057762D2A0CAC1F00A9DC42 /* TabBarViewController.swift in Sources */,
				C057761F2A0CAB4600A9DC42 /* CameraViewController.swift in Sources */,
				C05776332A0CACC900A9DC42 /* APICaller.swift in Sources */,
				C057762B2A0CABD400A9DC42 /* SettingsViewController.swift in Sources */,
				C057763B2A0CAD2F00A9DC42 /* HapticsManager.swift in Sources */,
				C05776352A0CACE300A9DC42 /* StorageManager.swift in Sources */,
			);
			runOnlyForDeploymentPostprocessing = 0;
		};
		C00088202A0C9C6800C293C8 /* Sources */ = {
			isa = PBXSourcesBuildPhase;
			buildActionMask = 2147483647;
			files = (
				C00088292A0C9C6800C293C8 /* TiktokCloneTests.swift in Sources */,
			);
			runOnlyForDeploymentPostprocessing = 0;
		};
		C000882A2A0C9C6800C293C8 /* Sources */ = {
			isa = PBXSourcesBuildPhase;
			buildActionMask = 2147483647;
			files = (
				C00088352A0C9C6800C293C8 /* TiktokCloneUITestsLaunchTests.swift in Sources */,
				C00088332A0C9C6800C293C8 /* TiktokCloneUITests.swift in Sources */,
			);
			runOnlyForDeploymentPostprocessing = 0;
		};
/* End PBXSourcesBuildPhase section */

/* Begin PBXTargetDependency section */
		C00088262A0C9C6800C293C8 /* PBXTargetDependency */ = {
			isa = PBXTargetDependency;
			target = C000880A2A0C9C6500C293C8 /* TiktokClone */;
			targetProxy = C00088252A0C9C6800C293C8 /* PBXContainerItemProxy */;
		};
		C00088302A0C9C6800C293C8 /* PBXTargetDependency */ = {
			isa = PBXTargetDependency;
			target = C000880A2A0C9C6500C293C8 /* TiktokClone */;
			targetProxy = C000882F2A0C9C6800C293C8 /* PBXContainerItemProxy */;
		};
/* End PBXTargetDependency section */

/* Begin PBXVariantGroup section */
		C000881C2A0C9C6800C293C8 /* LaunchScreen.storyboard */ = {
			isa = PBXVariantGroup;
			children = (
				C000881D2A0C9C6800C293C8 /* Base */,
			);
			name = LaunchScreen.storyboard;
			sourceTree = "<group>";
		};
/* End PBXVariantGroup section */

/* Begin XCBuildConfiguration section */
		C00088362A0C9C6800C293C8 /* Debug */ = {
			isa = XCBuildConfiguration;
			buildSettings = {
				ALWAYS_SEARCH_USER_PATHS = NO;
				CLANG_ANALYZER_NONNULL = YES;
				CLANG_ANALYZER_NUMBER_OBJECT_CONVERSION = YES_AGGRESSIVE;
				CLANG_CXX_LANGUAGE_STANDARD = "gnu++20";
				CLANG_ENABLE_MODULES = YES;
				CLANG_ENABLE_OBJC_ARC = YES;
				CLANG_ENABLE_OBJC_WEAK = YES;
				CLANG_WARN_BLOCK_CAPTURE_AUTORELEASING = YES;
				CLANG_WARN_BOOL_CONVERSION = YES;
				CLANG_WARN_COMMA = YES;
				CLANG_WARN_CONSTANT_CONVERSION = YES;
				CLANG_WARN_DEPRECATED_OBJC_IMPLEMENTATIONS = YES;
				CLANG_WARN_DIRECT_OBJC_ISA_USAGE = YES_ERROR;
				CLANG_WARN_DOCUMENTATION_COMMENTS = YES;
				CLANG_WARN_EMPTY_BODY = YES;
				CLANG_WARN_ENUM_CONVERSION = YES;
				CLANG_WARN_INFINITE_RECURSION = YES;
				CLANG_WARN_INT_CONVERSION = YES;
				CLANG_WARN_NON_LITERAL_NULL_CONVERSION = YES;
				CLANG_WARN_OBJC_IMPLICIT_RETAIN_SELF = YES;
				CLANG_WARN_OBJC_LITERAL_CONVERSION = YES;
				CLANG_WARN_OBJC_ROOT_CLASS = YES_ERROR;
				CLANG_WARN_QUOTED_INCLUDE_IN_FRAMEWORK_HEADER = YES;
				CLANG_WARN_RANGE_LOOP_ANALYSIS = YES;
				CLANG_WARN_STRICT_PROTOTYPES = YES;
				CLANG_WARN_SUSPICIOUS_MOVE = YES;
				CLANG_WARN_UNGUARDED_AVAILABILITY = YES_AGGRESSIVE;
				CLANG_WARN_UNREACHABLE_CODE = YES;
				CLANG_WARN__DUPLICATE_METHOD_MATCH = YES;
				COPY_PHASE_STRIP = NO;
				DEBUG_INFORMATION_FORMAT = dwarf;
				ENABLE_STRICT_OBJC_MSGSEND = YES;
				ENABLE_TESTABILITY = YES;
				GCC_C_LANGUAGE_STANDARD = gnu11;
				GCC_DYNAMIC_NO_PIC = NO;
				GCC_NO_COMMON_BLOCKS = YES;
				GCC_OPTIMIZATION_LEVEL = 0;
				GCC_PREPROCESSOR_DEFINITIONS = (
					"DEBUG=1",
					"$(inherited)",
				);
				GCC_WARN_64_TO_32_BIT_CONVERSION = YES;
				GCC_WARN_ABOUT_RETURN_TYPE = YES_ERROR;
				GCC_WARN_UNDECLARED_SELECTOR = YES;
				GCC_WARN_UNINITIALIZED_AUTOS = YES_AGGRESSIVE;
				GCC_WARN_UNUSED_FUNCTION = YES;
				GCC_WARN_UNUSED_VARIABLE = YES;
				IPHONEOS_DEPLOYMENT_TARGET = 16.4;
				MTL_ENABLE_DEBUG_INFO = INCLUDE_SOURCE;
				MTL_FAST_MATH = YES;
				ONLY_ACTIVE_ARCH = YES;
				SDKROOT = iphoneos;
				SWIFT_ACTIVE_COMPILATION_CONDITIONS = DEBUG;
				SWIFT_OPTIMIZATION_LEVEL = "-Onone";
			};
			name = Debug;
		};
		C00088372A0C9C6800C293C8 /* Release */ = {
			isa = XCBuildConfiguration;
			buildSettings = {
				ALWAYS_SEARCH_USER_PATHS = NO;
				CLANG_ANALYZER_NONNULL = YES;
				CLANG_ANALYZER_NUMBER_OBJECT_CONVERSION = YES_AGGRESSIVE;
				CLANG_CXX_LANGUAGE_STANDARD = "gnu++20";
				CLANG_ENABLE_MODULES = YES;
				CLANG_ENABLE_OBJC_ARC = YES;
				CLANG_ENABLE_OBJC_WEAK = YES;
				CLANG_WARN_BLOCK_CAPTURE_AUTORELEASING = YES;
				CLANG_WARN_BOOL_CONVERSION = YES;
				CLANG_WARN_COMMA = YES;
				CLANG_WARN_CONSTANT_CONVERSION = YES;
				CLANG_WARN_DEPRECATED_OBJC_IMPLEMENTATIONS = YES;
				CLANG_WARN_DIRECT_OBJC_ISA_USAGE = YES_ERROR;
				CLANG_WARN_DOCUMENTATION_COMMENTS = YES;
				CLANG_WARN_EMPTY_BODY = YES;
				CLANG_WARN_ENUM_CONVERSION = YES;
				CLANG_WARN_INFINITE_RECURSION = YES;
				CLANG_WARN_INT_CONVERSION = YES;
				CLANG_WARN_NON_LITERAL_NULL_CONVERSION = YES;
				CLANG_WARN_OBJC_IMPLICIT_RETAIN_SELF = YES;
				CLANG_WARN_OBJC_LITERAL_CONVERSION = YES;
				CLANG_WARN_OBJC_ROOT_CLASS = YES_ERROR;
				CLANG_WARN_QUOTED_INCLUDE_IN_FRAMEWORK_HEADER = YES;
				CLANG_WARN_RANGE_LOOP_ANALYSIS = YES;
				CLANG_WARN_STRICT_PROTOTYPES = YES;
				CLANG_WARN_SUSPICIOUS_MOVE = YES;
				CLANG_WARN_UNGUARDED_AVAILABILITY = YES_AGGRESSIVE;
				CLANG_WARN_UNREACHABLE_CODE = YES;
				CLANG_WARN__DUPLICATE_METHOD_MATCH = YES;
				COPY_PHASE_STRIP = NO;
				DEBUG_INFORMATION_FORMAT = "dwarf-with-dsym";
				ENABLE_NS_ASSERTIONS = NO;
				ENABLE_STRICT_OBJC_MSGSEND = YES;
				GCC_C_LANGUAGE_STANDARD = gnu11;
				GCC_NO_COMMON_BLOCKS = YES;
				GCC_WARN_64_TO_32_BIT_CONVERSION = YES;
				GCC_WARN_ABOUT_RETURN_TYPE = YES_ERROR;
				GCC_WARN_UNDECLARED_SELECTOR = YES;
				GCC_WARN_UNINITIALIZED_AUTOS = YES_AGGRESSIVE;
				GCC_WARN_UNUSED_FUNCTION = YES;
				GCC_WARN_UNUSED_VARIABLE = YES;
				IPHONEOS_DEPLOYMENT_TARGET = 16.4;
				MTL_ENABLE_DEBUG_INFO = NO;
				MTL_FAST_MATH = YES;
				SDKROOT = iphoneos;
				SWIFT_COMPILATION_MODE = wholemodule;
				SWIFT_OPTIMIZATION_LEVEL = "-O";
				VALIDATE_PRODUCT = YES;
			};
			name = Release;
		};
		C00088392A0C9C6800C293C8 /* Debug */ = {
			isa = XCBuildConfiguration;
			baseConfigurationReference = 0C6CBCDBAB77891C52177B21 /* Pods-TiktokClone.debug.xcconfig */;
			buildSettings = {
				ASSETCATALOG_COMPILER_APPICON_NAME = AppIcon;
				ASSETCATALOG_COMPILER_GLOBAL_ACCENT_COLOR_NAME = AccentColor;
				CODE_SIGN_STYLE = Automatic;
				CURRENT_PROJECT_VERSION = 1;
				DEVELOPMENT_TEAM = CJT65P28V5;
				GENERATE_INFOPLIST_FILE = YES;
				INFOPLIST_FILE = TiktokClone/Info.plist;
				INFOPLIST_KEY_CFBundleDisplayName = Tiktok;
				INFOPLIST_KEY_UIApplicationSupportsIndirectInputEvents = YES;
				INFOPLIST_KEY_UILaunchStoryboardName = LaunchScreen;
				INFOPLIST_KEY_UISupportedInterfaceOrientations = UIInterfaceOrientationPortrait;
				INFOPLIST_KEY_UISupportedInterfaceOrientations_iPad = "UIInterfaceOrientationPortrait UIInterfaceOrientationPortraitUpsideDown";
				IPHONEOS_DEPLOYMENT_TARGET = 14.0;
				LD_RUNPATH_SEARCH_PATHS = (
					"$(inherited)",
					"@executable_path/Frameworks",
				);
				MARKETING_VERSION = 1.0;
				PRODUCT_BUNDLE_IDENTIFIER = com.pinakpanimukherjee.TiktokClone;
				PRODUCT_NAME = "$(TARGET_NAME)";
				SUPPORTED_PLATFORMS = "iphoneos iphonesimulator";
				SUPPORTS_MACCATALYST = NO;
				SUPPORTS_MAC_DESIGNED_FOR_IPHONE_IPAD = NO;
				SWIFT_EMIT_LOC_STRINGS = YES;
				SWIFT_VERSION = 5.0;
				TARGETED_DEVICE_FAMILY = 1;
			};
			name = Debug;
		};
		C000883A2A0C9C6800C293C8 /* Release */ = {
			isa = XCBuildConfiguration;
			baseConfigurationReference = AFEFC31BE7570B8835E75010 /* Pods-TiktokClone.release.xcconfig */;
			buildSettings = {
				ASSETCATALOG_COMPILER_APPICON_NAME = AppIcon;
				ASSETCATALOG_COMPILER_GLOBAL_ACCENT_COLOR_NAME = AccentColor;
				CODE_SIGN_STYLE = Automatic;
				CURRENT_PROJECT_VERSION = 1;
				DEVELOPMENT_TEAM = CJT65P28V5;
				GENERATE_INFOPLIST_FILE = YES;
				INFOPLIST_FILE = TiktokClone/Info.plist;
				INFOPLIST_KEY_CFBundleDisplayName = Tiktok;
				INFOPLIST_KEY_UIApplicationSupportsIndirectInputEvents = YES;
				INFOPLIST_KEY_UILaunchStoryboardName = LaunchScreen;
				INFOPLIST_KEY_UISupportedInterfaceOrientations = UIInterfaceOrientationPortrait;
				INFOPLIST_KEY_UISupportedInterfaceOrientations_iPad = "UIInterfaceOrientationPortrait UIInterfaceOrientationPortraitUpsideDown";
				IPHONEOS_DEPLOYMENT_TARGET = 14.0;
				LD_RUNPATH_SEARCH_PATHS = (
					"$(inherited)",
					"@executable_path/Frameworks",
				);
				MARKETING_VERSION = 1.0;
				PRODUCT_BUNDLE_IDENTIFIER = com.pinakpanimukherjee.TiktokClone;
				PRODUCT_NAME = "$(TARGET_NAME)";
				SUPPORTED_PLATFORMS = "iphoneos iphonesimulator";
				SUPPORTS_MACCATALYST = NO;
				SUPPORTS_MAC_DESIGNED_FOR_IPHONE_IPAD = NO;
				SWIFT_EMIT_LOC_STRINGS = YES;
				SWIFT_VERSION = 5.0;
				TARGETED_DEVICE_FAMILY = 1;
			};
			name = Release;
		};
		C000883C2A0C9C6800C293C8 /* Debug */ = {
			isa = XCBuildConfiguration;
			baseConfigurationReference = 8422172B2B2D564D37DBAEFE /* Pods-TiktokCloneTests.debug.xcconfig */;
			buildSettings = {
				ALWAYS_EMBED_SWIFT_STANDARD_LIBRARIES = YES;
				BUNDLE_LOADER = "$(TEST_HOST)";
				CODE_SIGN_STYLE = Automatic;
				CURRENT_PROJECT_VERSION = 1;
				DEVELOPMENT_TEAM = CJT65P28V5;
				GENERATE_INFOPLIST_FILE = YES;
				IPHONEOS_DEPLOYMENT_TARGET = 16.4;
				MARKETING_VERSION = 1.0;
				PRODUCT_BUNDLE_IDENTIFIER = com.pinakpanimukherjee.TiktokCloneTests;
				PRODUCT_NAME = "$(TARGET_NAME)";
				SWIFT_EMIT_LOC_STRINGS = NO;
				SWIFT_VERSION = 5.0;
				TARGETED_DEVICE_FAMILY = "1,2";
				TEST_HOST = "$(BUILT_PRODUCTS_DIR)/TiktokClone.app/$(BUNDLE_EXECUTABLE_FOLDER_PATH)/TiktokClone";
			};
			name = Debug;
		};
		C000883D2A0C9C6800C293C8 /* Release */ = {
			isa = XCBuildConfiguration;
			baseConfigurationReference = 0CD82FC800F1BEFEA540AD75 /* Pods-TiktokCloneTests.release.xcconfig */;
			buildSettings = {
				ALWAYS_EMBED_SWIFT_STANDARD_LIBRARIES = YES;
				BUNDLE_LOADER = "$(TEST_HOST)";
				CODE_SIGN_STYLE = Automatic;
				CURRENT_PROJECT_VERSION = 1;
				DEVELOPMENT_TEAM = CJT65P28V5;
				GENERATE_INFOPLIST_FILE = YES;
				IPHONEOS_DEPLOYMENT_TARGET = 16.4;
				MARKETING_VERSION = 1.0;
				PRODUCT_BUNDLE_IDENTIFIER = com.pinakpanimukherjee.TiktokCloneTests;
				PRODUCT_NAME = "$(TARGET_NAME)";
				SWIFT_EMIT_LOC_STRINGS = NO;
				SWIFT_VERSION = 5.0;
				TARGETED_DEVICE_FAMILY = "1,2";
				TEST_HOST = "$(BUILT_PRODUCTS_DIR)/TiktokClone.app/$(BUNDLE_EXECUTABLE_FOLDER_PATH)/TiktokClone";
			};
			name = Release;
		};
		C000883F2A0C9C6800C293C8 /* Debug */ = {
			isa = XCBuildConfiguration;
			baseConfigurationReference = EC83DFA14AE1DF1D0E9F40C0 /* Pods-TiktokClone-TiktokCloneUITests.debug.xcconfig */;
			buildSettings = {
				ALWAYS_EMBED_SWIFT_STANDARD_LIBRARIES = YES;
				CODE_SIGN_STYLE = Automatic;
				CURRENT_PROJECT_VERSION = 1;
				DEVELOPMENT_TEAM = CJT65P28V5;
				GENERATE_INFOPLIST_FILE = YES;
				MARKETING_VERSION = 1.0;
				PRODUCT_BUNDLE_IDENTIFIER = com.pinakpanimukherjee.TiktokCloneUITests;
				PRODUCT_NAME = "$(TARGET_NAME)";
				SWIFT_EMIT_LOC_STRINGS = NO;
				SWIFT_VERSION = 5.0;
				TARGETED_DEVICE_FAMILY = "1,2";
				TEST_TARGET_NAME = TiktokClone;
			};
			name = Debug;
		};
		C00088402A0C9C6800C293C8 /* Release */ = {
			isa = XCBuildConfiguration;
			baseConfigurationReference = 3CE883499B0B492242A0886B /* Pods-TiktokClone-TiktokCloneUITests.release.xcconfig */;
			buildSettings = {
				ALWAYS_EMBED_SWIFT_STANDARD_LIBRARIES = YES;
				CODE_SIGN_STYLE = Automatic;
				CURRENT_PROJECT_VERSION = 1;
				DEVELOPMENT_TEAM = CJT65P28V5;
				GENERATE_INFOPLIST_FILE = YES;
				MARKETING_VERSION = 1.0;
				PRODUCT_BUNDLE_IDENTIFIER = com.pinakpanimukherjee.TiktokCloneUITests;
				PRODUCT_NAME = "$(TARGET_NAME)";
				SWIFT_EMIT_LOC_STRINGS = NO;
				SWIFT_VERSION = 5.0;
				TARGETED_DEVICE_FAMILY = "1,2";
				TEST_TARGET_NAME = TiktokClone;
			};
			name = Release;
		};
/* End XCBuildConfiguration section */

/* Begin XCConfigurationList section */
		C00088062A0C9C6500C293C8 /* Build configuration list for PBXProject "TiktokClone" */ = {
			isa = XCConfigurationList;
			buildConfigurations = (
				C00088362A0C9C6800C293C8 /* Debug */,
				C00088372A0C9C6800C293C8 /* Release */,
			);
			defaultConfigurationIsVisible = 0;
			defaultConfigurationName = Release;
		};
		C00088382A0C9C6800C293C8 /* Build configuration list for PBXNativeTarget "TiktokClone" */ = {
			isa = XCConfigurationList;
			buildConfigurations = (
				C00088392A0C9C6800C293C8 /* Debug */,
				C000883A2A0C9C6800C293C8 /* Release */,
			);
			defaultConfigurationIsVisible = 0;
			defaultConfigurationName = Release;
		};
		C000883B2A0C9C6800C293C8 /* Build configuration list for PBXNativeTarget "TiktokCloneTests" */ = {
			isa = XCConfigurationList;
			buildConfigurations = (
				C000883C2A0C9C6800C293C8 /* Debug */,
				C000883D2A0C9C6800C293C8 /* Release */,
			);
			defaultConfigurationIsVisible = 0;
			defaultConfigurationName = Release;
		};
		C000883E2A0C9C6800C293C8 /* Build configuration list for PBXNativeTarget "TiktokCloneUITests" */ = {
			isa = XCConfigurationList;
			buildConfigurations = (
				C000883F2A0C9C6800C293C8 /* Debug */,
				C00088402A0C9C6800C293C8 /* Release */,
			);
			defaultConfigurationIsVisible = 0;
			defaultConfigurationName = Release;
		};
/* End XCConfigurationList section */

/* Begin XCVersionGroup section */
		C00088172A0C9C6500C293C8 /* TiktokClone.xcdatamodeld */ = {
			isa = XCVersionGroup;
			children = (
				C00088182A0C9C6500C293C8 /* TiktokClone.xcdatamodel */,
			);
			currentVersion = C00088182A0C9C6500C293C8 /* TiktokClone.xcdatamodel */;
			path = TiktokClone.xcdatamodeld;
			sourceTree = "<group>";
			versionGroupType = wrapper.xcdatamodel;
		};
/* End XCVersionGroup section */
	};
	rootObject = C00088032A0C9C6500C293C8 /* Project object */;
}
