// !$*UTF8*$!
{
	archiveVersion = 1;
	classes = {
	};
	objectVersion = 56;
	objects = {

/* Begin PBXBuildFile section */
		C000880F2A0C9C6500C293C8 /* AppDelegate.swift in Sources */ = {isa = PBXBuildFile; fileRef = C000880E2A0C9C6500C293C8 /* AppDelegate.swift */; };
		C00088112A0C9C6500C293C8 /* SceneDelegate.swift in Sources */ = {isa = PBXBuildFile; fileRef = C00088102A0C9C6500C293C8 /* SceneDelegate.swift */; };
		C00088132A0C9C6500C293C8 /* ViewController.swift in Sources */ = {isa = PBXBuildFile; fileRef = C00088122A0C9C6500C293C8 /* ViewController.swift */; };
		C00088192A0C9C6500C293C8 /* TiktokClone.xcdatamodeld in Sources */ = {isa = PBXBuildFile; fileRef = C00088172A0C9C6500C293C8 /* TiktokClone.xcdatamodeld */; };
		C000881B2A0C9C6800C293C8 /* Assets.xcassets in Resources */ = {isa = PBXBuildFile; fileRef = C000881A2A0C9C6800C293C8 /* Assets.xcassets */; };
		C000881E2A0C9C6800C293C8 /* LaunchScreen.storyboard in Resources */ = {isa = PBXBuildFile; fileRef = C000881C2A0C9C6800C293C8 /* LaunchScreen.storyboard */; };
		C00088292A0C9C6800C293C8 /* TiktokCloneTests.swift in Sources */ = {isa = PBXBuildFile; fileRef = C00088282A0C9C6800C293C8 /* TiktokCloneTests.swift */; };
		C00088332A0C9C6800C293C8 /* TiktokCloneUITests.swift in Sources */ = {isa = PBXBuildFile; fileRef = C00088322A0C9C6800C293C8 /* TiktokCloneUITests.swift */; };
		C00088352A0C9C6800C293C8 /* TiktokCloneUITestsLaunchTests.swift in Sources */ = {isa = PBXBuildFile; fileRef = C00088342A0C9C6800C293C8 /* TiktokCloneUITestsLaunchTests.swift */; };
/* End PBXBuildFile section */

/* Begin PBXContainerItemProxy section */
		C00088252A0C9C6800C293C8 /* PBXContainerItemProxy */ = {
			isa = PBXContainerItemProxy;
			containerPortal = C00088032A0C9C6500C293C8 /* Project object */;
			proxyType = 1;
			remoteGlobalIDString = C000880A2A0C9C6500C293C8;
			remoteInfo = TiktokClone;
		};
		C000882F2A0C9C6800C293C8 /* PBXContainerItemProxy */ = {
			isa = PBXContainerItemProxy;
			containerPortal = C00088032A0C9C6500C293C8 /* Project object */;
			proxyType = 1;
			remoteGlobalIDString = C000880A2A0C9C6500C293C8;
			remoteInfo = TiktokClone;
		};
/* End PBXContainerItemProxy section */

/* Begin PBXFileReference section */
		C000880B2A0C9C6500C293C8 /* TiktokClone.app */ = {isa = PBXFileReference; explicitFileType = wrapper.application; includeInIndex = 0; path = TiktokClone.app; sourceTree = BUILT_PRODUCTS_DIR; };
		C000880E2A0C9C6500C293C8 /* AppDelegate.swift */ = {isa = PBXFileReference; lastKnownFileType = sourcecode.swift; path = AppDelegate.swift; sourceTree = "<group>"; };
		C00088102A0C9C6500C293C8 /* SceneDelegate.swift */ = {isa = PBXFileReference; lastKnownFileType = sourcecode.swift; path = SceneDelegate.swift; sourceTree = "<group>"; };
		C00088122A0C9C6500C293C8 /* ViewController.swift */ = {isa = PBXFileReference; lastKnownFileType = sourcecode.swift; path = ViewController.swift; sourceTree = "<group>"; };
		C00088182A0C9C6500C293C8 /* TiktokClone.xcdatamodel */ = {isa = PBXFileReference; lastKnownFileType = wrapper.xcdatamodel; path = TiktokClone.xcdatamodel; sourceTree = "<group>"; };
		C000881A2A0C9C6800C293C8 /* Assets.xcassets */ = {isa = PBXFileReference; lastKnownFileType = folder.assetcatalog; path = Assets.xcassets; sourceTree = "<group>"; };
		C000881D2A0C9C6800C293C8 /* Base */ = {isa = PBXFileReference; lastKnownFileType = file.storyboard; name = Base; path = Base.lproj/LaunchScreen.storyboard; sourceTree = "<group>"; };
		C000881F2A0C9C6800C293C8 /* Info.plist */ = {isa = PBXFileReference; lastKnownFileType = text.plist.xml; path = Info.plist; sourceTree = "<group>"; };
		C00088242A0C9C6800C293C8 /* TiktokCloneTests.xctest */ = {isa = PBXFileReference; explicitFileType = wrapper.cfbundle; includeInIndex = 0; path = TiktokCloneTests.xctest; sourceTree = BUILT_PRODUCTS_DIR; };
		C00088282A0C9C6800C293C8 /* TiktokCloneTests.swift */ = {isa = PBXFileReference; lastKnownFileType = sourcecode.swift; path = TiktokCloneTests.swift; sourceTree = "<group>"; };
		C000882E2A0C9C6800C293C8 /* TiktokCloneUITests.xctest */ = {isa = PBXFileReference; explicitFileType = wrapper.cfbundle; includeInIndex = 0; path = TiktokCloneUITests.xctest; sourceTree = BUILT_PRODUCTS_DIR; };
		C00088322A0C9C6800C293C8 /* TiktokCloneUITests.swift */ = {isa = PBXFileReference; lastKnownFileType = sourcecode.swift; path = TiktokCloneUITests.swift; sourceTree = "<group>"; };
		C00088342A0C9C6800C293C8 /* TiktokCloneUITestsLaunchTests.swift */ = {isa = PBXFileReference; lastKnownFileType = sourcecode.swift; path = TiktokCloneUITestsLaunchTests.swift; sourceTree = "<group>"; };
/* End PBXFileReference section */

/* Begin PBXFrameworksBuildPhase section */
		C00088082A0C9C6500C293C8 /* Frameworks */ = {
			isa = PBXFrameworksBuildPhase;
			buildActionMask = 2147483647;
			files = (
			);
			runOnlyForDeploymentPostprocessing = 0;
		};
		C00088212A0C9C6800C293C8 /* Frameworks */ = {
			isa = PBXFrameworksBuildPhase;
			buildActionMask = 2147483647;
			files = (
			);
			runOnlyForDeploymentPostprocessing = 0;
		};
		C000882B2A0C9C6800C293C8 /* Frameworks */ = {
			isa = PBXFrameworksBuildPhase;
			buildActionMask = 2147483647;
			files = (
			);
			runOnlyForDeploymentPostprocessing = 0;
		};
/* End PBXFrameworksBuildPhase section */

/* Begin PBXGroup section */
		C00088022A0C9C6500C293C8 = {
			isa = PBXGroup;
			children = (
				C000880D2A0C9C6500C293C8 /* TiktokClone */,
				C00088272A0C9C6800C293C8 /* TiktokCloneTests */,
				C00088312A0C9C6800C293C8 /* TiktokCloneUITests */,
				C000880C2A0C9C6500C293C8 /* Products */,
			);
			sourceTree = "<group>";
		};
		C000880C2A0C9C6500C293C8 /* Products */ = {
			isa = PBXGroup;
			children = (
				C000880B2A0C9C6500C293C8 /* TiktokClone.app */,
				C00088242A0C9C6800C293C8 /* TiktokCloneTests.xctest */,
				C000882E2A0C9C6800C293C8 /* TiktokCloneUITests.xctest */,
			);
			name = Products;
			sourceTree = "<group>";
		};
		C000880D2A0C9C6500C293C8 /* TiktokClone */ = {
			isa = PBXGroup;
			children = (
				C000880E2A0C9C6500C293C8 /* AppDelegate.swift */,
				C00088102A0C9C6500C293C8 /* SceneDelegate.swift */,
				C00088122A0C9C6500C293C8 /* ViewController.swift */,
				C000881A2A0C9C6800C293C8 /* Assets.xcassets */,
				C000881C2A0C9C6800C293C8 /* LaunchScreen.storyboard */,
				C000881F2A0C9C6800C293C8 /* Info.plist */,
				C00088172A0C9C6500C293C8 /* TiktokClone.xcdatamodeld */,
			);
			path = TiktokClone;
			sourceTree = "<group>";
		};
		C00088272A0C9C6800C293C8 /* TiktokCloneTests */ = {
			isa = PBXGroup;
			children = (
				C00088282A0C9C6800C293C8 /* TiktokCloneTests.swift */,
			);
			path = TiktokCloneTests;
			sourceTree = "<group>";
		};
		C00088312A0C9C6800C293C8 /* TiktokCloneUITests */ = {
			isa = PBXGroup;
			children = (
				C00088322A0C9C6800C293C8 /* TiktokCloneUITests.swift */,
				C00088342A0C9C6800C293C8 /* TiktokCloneUITestsLaunchTests.swift */,
			);
			path = TiktokCloneUITests;
			sourceTree = "<group>";
		};
/* End PBXGroup section */

/* Begin PBXNativeTarget section */
		C000880A2A0C9C6500C293C8 /* TiktokClone */ = {
			isa = PBXNativeTarget;
			buildConfigurationList = C00088382A0C9C6800C293C8 /* Build configuration list for PBXNativeTarget "TiktokClone" */;
			buildPhases = (
				C00088072A0C9C6500C293C8 /* Sources */,
				C00088082A0C9C6500C293C8 /* Frameworks */,
				C00088092A0C9C6500C293C8 /* Resources */,
			);
			buildRules = (
			);
			dependencies = (
			);
			name = TiktokClone;
			productName = TiktokClone;
			productReference = C000880B2A0C9C6500C293C8 /* TiktokClone.app */;
			productType = "com.apple.product-type.application";
		};
		C00088232A0C9C6800C293C8 /* TiktokCloneTests */ = {
			isa = PBXNativeTarget;
			buildConfigurationList = C000883B2A0C9C6800C293C8 /* Build configuration list for PBXNativeTarget "TiktokCloneTests" */;
			buildPhases = (
				C00088202A0C9C6800C293C8 /* Sources */,
				C00088212A0C9C6800C293C8 /* Frameworks */,
				C00088222A0C9C6800C293C8 /* Resources */,
			);
			buildRules = (
			);
			dependencies = (
				C00088262A0C9C6800C293C8 /* PBXTargetDependency */,
			);
			name = TiktokCloneTests;
			productName = TiktokCloneTests;
			productReference = C00088242A0C9C6800C293C8 /* TiktokCloneTests.xctest */;
			productType = "com.apple.product-type.bundle.unit-test";
		};
		C000882D2A0C9C6800C293C8 /* TiktokCloneUITests */ = {
			isa = PBXNativeTarget;
			buildConfigurationList = C000883E2A0C9C6800C293C8 /* Build configuration list for PBXNativeTarget "TiktokCloneUITests" */;
			buildPhases = (
				C000882A2A0C9C6800C293C8 /* Sources */,
				C000882B2A0C9C6800C293C8 /* Frameworks */,
				C000882C2A0C9C6800C293C8 /* Resources */,
			);
			buildRules = (
			);
			dependencies = (
				C00088302A0C9C6800C293C8 /* PBXTargetDependency */,
			);
			name = TiktokCloneUITests;
			productName = TiktokCloneUITests;
			productReference = C000882E2A0C9C6800C293C8 /* TiktokCloneUITests.xctest */;
			productType = "com.apple.product-type.bundle.ui-testing";
		};
/* End PBXNativeTarget section */

/* Begin PBXProject section */
		C00088032A0C9C6500C293C8 /* Project object */ = {
			isa = PBXProject;
			attributes = {
				BuildIndependentTargetsInParallel = 1;
				LastSwiftUpdateCheck = 1430;
				LastUpgradeCheck = 1430;
				TargetAttributes = {
					C000880A2A0C9C6500C293C8 = {
						CreatedOnToolsVersion = 14.3;
					};
					C00088232A0C9C6800C293C8 = {
						CreatedOnToolsVersion = 14.3;
						TestTargetID = C000880A2A0C9C6500C293C8;
					};
					C000882D2A0C9C6800C293C8 = {
						CreatedOnToolsVersion = 14.3;
						TestTargetID = C000880A2A0C9C6500C293C8;
					};
				};
			};
			buildConfigurationList = C00088062A0C9C6500C293C8 /* Build configuration list for PBXProject "TiktokClone" */;
			compatibilityVersion = "Xcode 14.0";
			developmentRegion = en;
			hasScannedForEncodings = 0;
			knownRegions = (
				en,
				Base,
			);
			mainGroup = C00088022A0C9C6500C293C8;
			productRefGroup = C000880C2A0C9C6500C293C8 /* Products */;
			projectDirPath = "";
			projectRoot = "";
			targets = (
				C000880A2A0C9C6500C293C8 /* TiktokClone */,
				C00088232A0C9C6800C293C8 /* TiktokCloneTests */,
				C000882D2A0C9C6800C293C8 /* TiktokCloneUITests */,
			);
		};
/* End PBXProject section */

/* Begin PBXResourcesBuildPhase section */
		C00088092A0C9C6500C293C8 /* Resources */ = {
			isa = PBXResourcesBuildPhase;
			buildActionMask = 2147483647;
			files = (
				C000881E2A0C9C6800C293C8 /* LaunchScreen.storyboard in Resources */,
				C000881B2A0C9C6800C293C8 /* Assets.xcassets in Resources */,
			);
			runOnlyForDeploymentPostprocessing = 0;
		};
		C00088222A0C9C6800C293C8 /* Resources */ = {
			isa = PBXResourcesBuildPhase;
			buildActionMask = 2147483647;
			files = (
			);
			runOnlyForDeploymentPostprocessing = 0;
		};
		C000882C2A0C9C6800C293C8 /* Resources */ = {
			isa = PBXResourcesBuildPhase;
			buildActionMask = 2147483647;
			files = (
			);
			runOnlyForDeploymentPostprocessing = 0;
		};
/* End PBXResourcesBuildPhase section */

/* Begin PBXSourcesBuildPhase section */
		C00088072A0C9C6500C293C8 /* Sources */ = {
			isa = PBXSourcesBuildPhase;
			buildActionMask = 2147483647;
			files = (
				C00088132A0C9C6500C293C8 /* ViewController.swift in Sources */,
				C000880F2A0C9C6500C293C8 /* AppDelegate.swift in Sources */,
				C00088112A0C9C6500C293C8 /* SceneDelegate.swift in Sources */,
				C00088192A0C9C6500C293C8 /* TiktokClone.xcdatamodeld in Sources */,
			);
			runOnlyForDeploymentPostprocessing = 0;
		};
		C00088202A0C9C6800C293C8 /* Sources */ = {
			isa = PBXSourcesBuildPhase;
			buildActionMask = 2147483647;
			files = (
				C00088292A0C9C6800C293C8 /* TiktokCloneTests.swift in Sources */,
			);
			runOnlyForDeploymentPostprocessing = 0;
		};
		C000882A2A0C9C6800C293C8 /* Sources */ = {
			isa = PBXSourcesBuildPhase;
			buildActionMask = 2147483647;
			files = (
				C00088352A0C9C6800C293C8 /* TiktokCloneUITestsLaunchTests.swift in Sources */,
				C00088332A0C9C6800C293C8 /* TiktokCloneUITests.swift in Sources */,
			);
			runOnlyForDeploymentPostprocessing = 0;
		};
/* End PBXSourcesBuildPhase section */

/* Begin PBXTargetDependency section */
		C00088262A0C9C6800C293C8 /* PBXTargetDependency */ = {
			isa = PBXTargetDependency;
			target = C000880A2A0C9C6500C293C8 /* TiktokClone */;
			targetProxy = C00088252A0C9C6800C293C8 /* PBXContainerItemProxy */;
		};
		C00088302A0C9C6800C293C8 /* PBXTargetDependency */ = {
			isa = PBXTargetDependency;
			target = C000880A2A0C9C6500C293C8 /* TiktokClone */;
			targetProxy = C000882F2A0C9C6800C293C8 /* PBXContainerItemProxy */;
		};
/* End PBXTargetDependency section */

/* Begin PBXVariantGroup section */
		C000881C2A0C9C6800C293C8 /* LaunchScreen.storyboard */ = {
			isa = PBXVariantGroup;
			children = (
				C000881D2A0C9C6800C293C8 /* Base */,
			);
			name = LaunchScreen.storyboard;
			sourceTree = "<group>";
		};
/* End PBXVariantGroup section */

/* Begin XCBuildConfiguration section */
		C00088362A0C9C6800C293C8 /* Debug */ = {
			isa = XCBuildConfiguration;
			buildSettings = {
				ALWAYS_SEARCH_USER_PATHS = NO;
				CLANG_ANALYZER_NONNULL = YES;
				CLANG_ANALYZER_NUMBER_OBJECT_CONVERSION = YES_AGGRESSIVE;
				CLANG_CXX_LANGUAGE_STANDARD = "gnu++20";
				CLANG_ENABLE_MODULES = YES;
				CLANG_ENABLE_OBJC_ARC = YES;
				CLANG_ENABLE_OBJC_WEAK = YES;
				CLANG_WARN_BLOCK_CAPTURE_AUTORELEASING = YES;
				CLANG_WARN_BOOL_CONVERSION = YES;
				CLANG_WARN_COMMA = YES;
				CLANG_WARN_CONSTANT_CONVERSION = YES;
				CLANG_WARN_DEPRECATED_OBJC_IMPLEMENTATIONS = YES;
				CLANG_WARN_DIRECT_OBJC_ISA_USAGE = YES_ERROR;
				CLANG_WARN_DOCUMENTATION_COMMENTS = YES;
				CLANG_WARN_EMPTY_BODY = YES;
				CLANG_WARN_ENUM_CONVERSION = YES;
				CLANG_WARN_INFINITE_RECURSION = YES;
				CLANG_WARN_INT_CONVERSION = YES;
				CLANG_WARN_NON_LITERAL_NULL_CONVERSION = YES;
				CLANG_WARN_OBJC_IMPLICIT_RETAIN_SELF = YES;
				CLANG_WARN_OBJC_LITERAL_CONVERSION = YES;
				CLANG_WARN_OBJC_ROOT_CLASS = YES_ERROR;
				CLANG_WARN_QUOTED_INCLUDE_IN_FRAMEWORK_HEADER = YES;
				CLANG_WARN_RANGE_LOOP_ANALYSIS = YES;
				CLANG_WARN_STRICT_PROTOTYPES = YES;
				CLANG_WARN_SUSPICIOUS_MOVE = YES;
				CLANG_WARN_UNGUARDED_AVAILABILITY = YES_AGGRESSIVE;
				CLANG_WARN_UNREACHABLE_CODE = YES;
				CLANG_WARN__DUPLICATE_METHOD_MATCH = YES;
				COPY_PHASE_STRIP = NO;
				DEBUG_INFORMATION_FORMAT = dwarf;
				ENABLE_STRICT_OBJC_MSGSEND = YES;
				ENABLE_TESTABILITY = YES;
				GCC_C_LANGUAGE_STANDARD = gnu11;
				GCC_DYNAMIC_NO_PIC = NO;
				GCC_NO_COMMON_BLOCKS = YES;
				GCC_OPTIMIZATION_LEVEL = 0;
				GCC_PREPROCESSOR_DEFINITIONS = (
					"DEBUG=1",
					"$(inherited)",
				);
				GCC_WARN_64_TO_32_BIT_CONVERSION = YES;
				GCC_WARN_ABOUT_RETURN_TYPE = YES_ERROR;
				GCC_WARN_UNDECLARED_SELECTOR = YES;
				GCC_WARN_UNINITIALIZED_AUTOS = YES_AGGRESSIVE;
				GCC_WARN_UNUSED_FUNCTION = YES;
				GCC_WARN_UNUSED_VARIABLE = YES;
				IPHONEOS_DEPLOYMENT_TARGET = 16.4;
				MTL_ENABLE_DEBUG_INFO = INCLUDE_SOURCE;
				MTL_FAST_MATH = YES;
				ONLY_ACTIVE_ARCH = YES;
				SDKROOT = iphoneos;
				SWIFT_ACTIVE_COMPILATION_CONDITIONS = DEBUG;
				SWIFT_OPTIMIZATION_LEVEL = "-Onone";
			};
			name = Debug;
		};
		C00088372A0C9C6800C293C8 /* Release */ = {
			isa = XCBuildConfiguration;
			buildSettings = {
				ALWAYS_SEARCH_USER_PATHS = NO;
				CLANG_ANALYZER_NONNULL = YES;
				CLANG_ANALYZER_NUMBER_OBJECT_CONVERSION = YES_AGGRESSIVE;
				CLANG_CXX_LANGUAGE_STANDARD = "gnu++20";
				CLANG_ENABLE_MODULES = YES;
				CLANG_ENABLE_OBJC_ARC = YES;
				CLANG_ENABLE_OBJC_WEAK = YES;
				CLANG_WARN_BLOCK_CAPTURE_AUTORELEASING = YES;
				CLANG_WARN_BOOL_CONVERSION = YES;
				CLANG_WARN_COMMA = YES;
				CLANG_WARN_CONSTANT_CONVERSION = YES;
				CLANG_WARN_DEPRECATED_OBJC_IMPLEMENTATIONS = YES;
				CLANG_WARN_DIRECT_OBJC_ISA_USAGE = YES_ERROR;
				CLANG_WARN_DOCUMENTATION_COMMENTS = YES;
				CLANG_WARN_EMPTY_BODY = YES;
				CLANG_WARN_ENUM_CONVERSION = YES;
				CLANG_WARN_INFINITE_RECURSION = YES;
				CLANG_WARN_INT_CONVERSION = YES;
				CLANG_WARN_NON_LITERAL_NULL_CONVERSION = YES;
				CLANG_WARN_OBJC_IMPLICIT_RETAIN_SELF = YES;
				CLANG_WARN_OBJC_LITERAL_CONVERSION = YES;
				CLANG_WARN_OBJC_ROOT_CLASS = YES_ERROR;
				CLANG_WARN_QUOTED_INCLUDE_IN_FRAMEWORK_HEADER = YES;
				CLANG_WARN_RANGE_LOOP_ANALYSIS = YES;
				CLANG_WARN_STRICT_PROTOTYPES = YES;
				CLANG_WARN_SUSPICIOUS_MOVE = YES;
				CLANG_WARN_UNGUARDED_AVAILABILITY = YES_AGGRESSIVE;
				CLANG_WARN_UNREACHABLE_CODE = YES;
				CLANG_WARN__DUPLICATE_METHOD_MATCH = YES;
				COPY_PHASE_STRIP = NO;
				DEBUG_INFORMATION_FORMAT = "dwarf-with-dsym";
				ENABLE_NS_ASSERTIONS = NO;
				ENABLE_STRICT_OBJC_MSGSEND = YES;
				GCC_C_LANGUAGE_STANDARD = gnu11;
				GCC_NO_COMMON_BLOCKS = YES;
				GCC_WARN_64_TO_32_BIT_CONVERSION = YES;
				GCC_WARN_ABOUT_RETURN_TYPE = YES_ERROR;
				GCC_WARN_UNDECLARED_SELECTOR = YES;
				GCC_WARN_UNINITIALIZED_AUTOS = YES_AGGRESSIVE;
				GCC_WARN_UNUSED_FUNCTION = YES;
				GCC_WARN_UNUSED_VARIABLE = YES;
				IPHONEOS_DEPLOYMENT_TARGET = 16.4;
				MTL_ENABLE_DEBUG_INFO = NO;
				MTL_FAST_MATH = YES;
				SDKROOT = iphoneos;
				SWIFT_COMPILATION_MODE = wholemodule;
				SWIFT_OPTIMIZATION_LEVEL = "-O";
				VALIDATE_PRODUCT = YES;
			};
			name = Release;
		};
		C00088392A0C9C6800C293C8 /* Debug */ = {
			isa = XCBuildConfiguration;
			buildSettings = {
				ASSETCATALOG_COMPILER_APPICON_NAME = AppIcon;
				ASSETCATALOG_COMPILER_GLOBAL_ACCENT_COLOR_NAME = AccentColor;
				CODE_SIGN_STYLE = Automatic;
				CURRENT_PROJECT_VERSION = 1;
				DEVELOPMENT_TEAM = CJT65P28V5;
				GENERATE_INFOPLIST_FILE = YES;
				INFOPLIST_FILE = TiktokClone/Info.plist;
				INFOPLIST_KEY_CFBundleDisplayName = Tiktok;
				INFOPLIST_KEY_UIApplicationSupportsIndirectInputEvents = YES;
				INFOPLIST_KEY_UILaunchStoryboardName = LaunchScreen;
				INFOPLIST_KEY_UISupportedInterfaceOrientations = UIInterfaceOrientationPortrait;
				INFOPLIST_KEY_UISupportedInterfaceOrientations_iPad = "UIInterfaceOrientationPortrait UIInterfaceOrientationPortraitUpsideDown";
				IPHONEOS_DEPLOYMENT_TARGET = 15.6;
				LD_RUNPATH_SEARCH_PATHS = (
					"$(inherited)",
					"@executable_path/Frameworks",
				);
				MARKETING_VERSION = 1.0;
				PRODUCT_BUNDLE_IDENTIFIER = com.pinakpanimukherjee.TiktokClone;
				PRODUCT_NAME = "$(TARGET_NAME)";
				SUPPORTED_PLATFORMS = "iphoneos iphonesimulator";
				SUPPORTS_MACCATALYST = NO;
				SUPPORTS_MAC_DESIGNED_FOR_IPHONE_IPAD = NO;
				SWIFT_EMIT_LOC_STRINGS = YES;
				SWIFT_VERSION = 5.0;
				TARGETED_DEVICE_FAMILY = 1;
			};
			name = Debug;
		};
		C000883A2A0C9C6800C293C8 /* Release */ = {
			isa = XCBuildConfiguration;
			buildSettings = {
				ASSETCATALOG_COMPILER_APPICON_NAME = AppIcon;
				ASSETCATALOG_COMPILER_GLOBAL_ACCENT_COLOR_NAME = AccentColor;
				CODE_SIGN_STYLE = Automatic;
				CURRENT_PROJECT_VERSION = 1;
				DEVELOPMENT_TEAM = CJT65P28V5;
				GENERATE_INFOPLIST_FILE = YES;
				INFOPLIST_FILE = TiktokClone/Info.plist;
				INFOPLIST_KEY_CFBundleDisplayName = Tiktok;
				INFOPLIST_KEY_UIApplicationSupportsIndirectInputEvents = YES;
				INFOPLIST_KEY_UILaunchStoryboardName = LaunchScreen;
				INFOPLIST_KEY_UISupportedInterfaceOrientations = UIInterfaceOrientationPortrait;
				INFOPLIST_KEY_UISupportedInterfaceOrientations_iPad = "UIInterfaceOrientationPortrait UIInterfaceOrientationPortraitUpsideDown";
				IPHONEOS_DEPLOYMENT_TARGET = 15.6;
				LD_RUNPATH_SEARCH_PATHS = (
					"$(inherited)",
					"@executable_path/Frameworks",
				);
				MARKETING_VERSION = 1.0;
				PRODUCT_BUNDLE_IDENTIFIER = com.pinakpanimukherjee.TiktokClone;
				PRODUCT_NAME = "$(TARGET_NAME)";
				SUPPORTED_PLATFORMS = "iphoneos iphonesimulator";
				SUPPORTS_MACCATALYST = NO;
				SUPPORTS_MAC_DESIGNED_FOR_IPHONE_IPAD = NO;
				SWIFT_EMIT_LOC_STRINGS = YES;
				SWIFT_VERSION = 5.0;
				TARGETED_DEVICE_FAMILY = 1;
			};
			name = Release;
		};
		C000883C2A0C9C6800C293C8 /* Debug */ = {
			isa = XCBuildConfiguration;
			buildSettings = {
				ALWAYS_EMBED_SWIFT_STANDARD_LIBRARIES = YES;
				BUNDLE_LOADER = "$(TEST_HOST)";
				CODE_SIGN_STYLE = Automatic;
				CURRENT_PROJECT_VERSION = 1;
				DEVELOPMENT_TEAM = CJT65P28V5;
				GENERATE_INFOPLIST_FILE = YES;
				IPHONEOS_DEPLOYMENT_TARGET = 16.4;
				MARKETING_VERSION = 1.0;
				PRODUCT_BUNDLE_IDENTIFIER = com.pinakpanimukherjee.TiktokCloneTests;
				PRODUCT_NAME = "$(TARGET_NAME)";
				SWIFT_EMIT_LOC_STRINGS = NO;
				SWIFT_VERSION = 5.0;
				TARGETED_DEVICE_FAMILY = "1,2";
				TEST_HOST = "$(BUILT_PRODUCTS_DIR)/TiktokClone.app/$(BUNDLE_EXECUTABLE_FOLDER_PATH)/TiktokClone";
			};
			name = Debug;
		};
		C000883D2A0C9C6800C293C8 /* Release */ = {
			isa = XCBuildConfiguration;
			buildSettings = {
				ALWAYS_EMBED_SWIFT_STANDARD_LIBRARIES = YES;
				BUNDLE_LOADER = "$(TEST_HOST)";
				CODE_SIGN_STYLE = Automatic;
				CURRENT_PROJECT_VERSION = 1;
				DEVELOPMENT_TEAM = CJT65P28V5;
				GENERATE_INFOPLIST_FILE = YES;
				IPHONEOS_DEPLOYMENT_TARGET = 16.4;
				MARKETING_VERSION = 1.0;
				PRODUCT_BUNDLE_IDENTIFIER = com.pinakpanimukherjee.TiktokCloneTests;
				PRODUCT_NAME = "$(TARGET_NAME)";
				SWIFT_EMIT_LOC_STRINGS = NO;
				SWIFT_VERSION = 5.0;
				TARGETED_DEVICE_FAMILY = "1,2";
				TEST_HOST = "$(BUILT_PRODUCTS_DIR)/TiktokClone.app/$(BUNDLE_EXECUTABLE_FOLDER_PATH)/TiktokClone";
			};
			name = Release;
		};
		C000883F2A0C9C6800C293C8 /* Debug */ = {
			isa = XCBuildConfiguration;
			buildSettings = {
				ALWAYS_EMBED_SWIFT_STANDARD_LIBRARIES = YES;
				CODE_SIGN_STYLE = Automatic;
				CURRENT_PROJECT_VERSION = 1;
				DEVELOPMENT_TEAM = CJT65P28V5;
				GENERATE_INFOPLIST_FILE = YES;
				MARKETING_VERSION = 1.0;
				PRODUCT_BUNDLE_IDENTIFIER = com.pinakpanimukherjee.TiktokCloneUITests;
				PRODUCT_NAME = "$(TARGET_NAME)";
				SWIFT_EMIT_LOC_STRINGS = NO;
				SWIFT_VERSION = 5.0;
				TARGETED_DEVICE_FAMILY = "1,2";
				TEST_TARGET_NAME = TiktokClone;
			};
			name = Debug;
		};
		C00088402A0C9C6800C293C8 /* Release */ = {
			isa = XCBuildConfiguration;
			buildSettings = {
				ALWAYS_EMBED_SWIFT_STANDARD_LIBRARIES = YES;
				CODE_SIGN_STYLE = Automatic;
				CURRENT_PROJECT_VERSION = 1;
				DEVELOPMENT_TEAM = CJT65P28V5;
				GENERATE_INFOPLIST_FILE = YES;
				MARKETING_VERSION = 1.0;
				PRODUCT_BUNDLE_IDENTIFIER = com.pinakpanimukherjee.TiktokCloneUITests;
				PRODUCT_NAME = "$(TARGET_NAME)";
				SWIFT_EMIT_LOC_STRINGS = NO;
				SWIFT_VERSION = 5.0;
				TARGETED_DEVICE_FAMILY = "1,2";
				TEST_TARGET_NAME = TiktokClone;
			};
			name = Release;
		};
/* End XCBuildConfiguration section */

/* Begin XCConfigurationList section */
		C00088062A0C9C6500C293C8 /* Build configuration list for PBXProject "TiktokClone" */ = {
			isa = XCConfigurationList;
			buildConfigurations = (
				C00088362A0C9C6800C293C8 /* Debug */,
				C00088372A0C9C6800C293C8 /* Release */,
			);
			defaultConfigurationIsVisible = 0;
			defaultConfigurationName = Release;
		};
		C00088382A0C9C6800C293C8 /* Build configuration list for PBXNativeTarget "TiktokClone" */ = {
			isa = XCConfigurationList;
			buildConfigurations = (
				C00088392A0C9C6800C293C8 /* Debug */,
				C000883A2A0C9C6800C293C8 /* Release */,
			);
			defaultConfigurationIsVisible = 0;
			defaultConfigurationName = Release;
		};
		C000883B2A0C9C6800C293C8 /* Build configuration list for PBXNativeTarget "TiktokCloneTests" */ = {
			isa = XCConfigurationList;
			buildConfigurations = (
				C000883C2A0C9C6800C293C8 /* Debug */,
				C000883D2A0C9C6800C293C8 /* Release */,
			);
			defaultConfigurationIsVisible = 0;
			defaultConfigurationName = Release;
		};
		C000883E2A0C9C6800C293C8 /* Build configuration list for PBXNativeTarget "TiktokCloneUITests" */ = {
			isa = XCConfigurationList;
			buildConfigurations = (
				C000883F2A0C9C6800C293C8 /* Debug */,
				C00088402A0C9C6800C293C8 /* Release */,
			);
			defaultConfigurationIsVisible = 0;
			defaultConfigurationName = Release;
		};
/* End XCConfigurationList section */

/* Begin XCVersionGroup section */
		C00088172A0C9C6500C293C8 /* TiktokClone.xcdatamodeld */ = {
			isa = XCVersionGroup;
			children = (
				C00088182A0C9C6500C293C8 /* TiktokClone.xcdatamodel */,
			);
			currentVersion = C00088182A0C9C6500C293C8 /* TiktokClone.xcdatamodel */;
			path = TiktokClone.xcdatamodeld;
			sourceTree = "<group>";
			versionGroupType = wrapper.xcdatamodel;
		};
/* End XCVersionGroup section */
	};
	rootObject = C00088032A0C9C6500C293C8 /* Project object */;
}
